
Microsoft Visual Studio Solution File, Format Version 12.00
# Visual Studio Version 16
VisualStudioVersion = 16.0.28729.10
MinimumVisualStudioVersion = 10.0.40219.1
Project("{FAE04EC0-301F-11D3-BF4B-00C04F79EFBC}") = "8", "8\8.csproj", "{B52E20CB-8CD2-4B82-A804-B437A18211EF}"
EndProject
Global
	GlobalSection(SolutionConfigurationPlatforms) = preSolution
		Debug|Any CPU = Debug|Any CPU
		Release|Any CPU = Release|Any CPU
	EndGlobalSection
	GlobalSection(ProjectConfigurationPlatforms) = postSolution
		{B52E20CB-8CD2-4B82-A804-B437A18211EF}.Debug|Any CPU.ActiveCfg = Debug|Any CPU
		{B52E20CB-8CD2-4B82-A804-B437A18211EF}.Debug|Any CPU.Build.0 = Debug|Any CPU
		{B52E20CB-8CD2-4B82-A804-B437A18211EF}.Release|Any CPU.ActiveCfg = Release|Any CPU
		{B52E20CB-8CD2-4B82-A804-B437A18211EF}.Release|Any CPU.Build.0 = Release|Any CPU
	EndGlobalSection
	GlobalSection(SolutionProperties) = preSolution
		HideSolutionNode = FALSE
	EndGlobalSection
	GlobalSection(ExtensibilityGlobals) = postSolution
		SolutionGuid = {FC424582-9B7C-406B-94E3-653238D7A4D5}
	EndGlobalSection
EndGlobal
